<?xml version="1.0" encoding="utf-8"?>
<Project ToolsVersion="4.0" xmlns="http://schemas.microsoft.com/developer/msbuild/2003">
  <ItemGroup>
    <ClCompile Include="Colliders.cpp">
      <Filter>Source\Utils</Filter>
    </ClCompile>
    <ClCompile Include="Path.cpp">
      <Filter>Source\Utils</Filter>
    </ClCompile>
    <ClCompile Include="Application.cpp">
      <Filter>Source\Application</Filter>
    </ClCompile>
    <ClCompile Include="Globals.cpp">
      <Filter>Source\Application</Filter>
    </ClCompile>
    <ClCompile Include="Main.cpp">
      <Filter>Source\Application</Filter>
    </ClCompile>
    <ClCompile Include="ModuleAudio.cpp">
      <Filter>Source\Modules</Filter>
    </ClCompile>
    <ClCompile Include="Module.cpp">
      <Filter>Source\Modules</Filter>
    </ClCompile>
    <ClCompile Include="ModuleCollisions.cpp">
      <Filter>Source\Modules</Filter>
    </ClCompile>
    <ClCompile Include="ModuleFadeToBlack.cpp">
      <Filter>Source\Modules</Filter>
    </ClCompile>
    <ClCompile Include="ModuleInput.cpp">
      <Filter>Source\Modules</Filter>
    </ClCompile>
    <ClCompile Include="ModuleRender.cpp">
      <Filter>Source\Modules</Filter>
    </ClCompile>
    <ClCompile Include="ModuleTextures.cpp">
      <Filter>Source\Modules</Filter>
    </ClCompile>
    <ClCompile Include="ModuleWindow.cpp">
      <Filter>Source\Modules</Filter>
    </ClCompile>
    <ClCompile Include="ModuleDonkey.cpp">
      <Filter>Source\Modules\Characters</Filter>
    </ClCompile>
    <ClCompile Include="ModuleEnemies.cpp">
      <Filter>Source\Modules\Characters</Filter>
    </ClCompile>
    <ClCompile Include="ModulePlayer.cpp">
      <Filter>Source\Modules\Characters</Filter>
    </ClCompile>
    <ClCompile Include="InitialScreen.cpp">
      <Filter>Source\Modules\Scenes</Filter>
    </ClCompile>
    <ClCompile Include="IntroScreen.cpp">
      <Filter>Source\Modules\Scenes</Filter>
    </ClCompile>
    <ClCompile Include="ModuleLvl4.cpp">
      <Filter>Source\Modules\Scenes</Filter>
    </ClCompile>
    <ClCompile Include="ModuleLady.cpp">
      <Filter>Source\Modules\Characters</Filter>
    </ClCompile>
    <ClCompile Include="Enemies.cpp">
      <Filter>Source\Entities\Enemies</Filter>
    </ClCompile>
    <ClCompile Include="EnemyFireballs.cpp">
      <Filter>Source\Entities\Enemies</Filter>
    </ClCompile>
    <ClCompile Include="ModuleFonts.cpp">
      <Filter>Source\Modules</Filter>
    </ClCompile>
    <ClCompile Include="ModuleCarrots.cpp">
      <Filter>Source\Modules</Filter>
    </ClCompile>
    <ClCompile Include="GameOver.cpp">
      <Filter>Source\Modules\Scenes</Filter>
    </ClCompile>
    <ClCompile Include="PierdeVida.cpp">
      <Filter>Source\Modules\Scenes</Filter>
    </ClCompile>
    <ClCompile Include="WinningScreen.cpp">
      <Filter>Source\Modules\Scenes</Filter>
    </ClCompile>
  </ItemGroup>
  <ItemGroup>
    <ClInclude Include="Animation.h">
      <Filter>Source\Utils</Filter>
    </ClInclude>
    <ClInclude Include="Colliders.h">
      <Filter>Source\Utils</Filter>
    </ClInclude>
    <ClInclude Include="p2Point.h">
      <Filter>Source\Utils</Filter>
    </ClInclude>
    <ClInclude Include="Path.h">
      <Filter>Source\Utils</Filter>
    </ClInclude>
    <ClInclude Include="Application.h">
      <Filter>Source\Application</Filter>
    </ClInclude>
    <ClInclude Include="Globals.h">
      <Filter>Source\Application</Filter>
    </ClInclude>
    <ClInclude Include="MemLeaks.h">
      <Filter>Source\Application</Filter>
    </ClInclude>
    <ClInclude Include="ModuleAudio.h">
      <Filter>Source\Modules</Filter>
    </ClInclude>
    <ClInclude Include="Module.h">
      <Filter>Source\Modules</Filter>
    </ClInclude>
    <ClInclude Include="ModuleCollisions.h">
      <Filter>Source\Modules</Filter>
    </ClInclude>
    <ClInclude Include="ModuleFadeToBlack.h">
      <Filter>Source\Modules</Filter>
    </ClInclude>
    <ClInclude Include="ModuleInput.h">
      <Filter>Source\Modules</Filter>
    </ClInclude>
    <ClInclude Include="ModuleRender.h">
      <Filter>Source\Modules</Filter>
    </ClInclude>
    <ClInclude Include="ModuleTextures.h">
      <Filter>Source\Modules</Filter>
    </ClInclude>
    <ClInclude Include="ModuleWindow.h">
      <Filter>Source\Modules</Filter>
    </ClInclude>
    <ClInclude Include="ModuleDonkey.h">
      <Filter>Source\Modules\Characters</Filter>
    </ClInclude>
    <ClInclude Include="ModuleEnemies.h">
      <Filter>Source\Modules\Characters</Filter>
    </ClInclude>
    <ClInclude Include="ModulePlayer.h">
      <Filter>Source\Modules\Characters</Filter>
    </ClInclude>
    <ClInclude Include="InitialScreen.h">
      <Filter>Source\Modules\Scenes</Filter>
    </ClInclude>
    <ClInclude Include="IntroScreen.h">
      <Filter>Source\Modules\Scenes</Filter>
    </ClInclude>
    <ClInclude Include="ModuleLvl4.h">
      <Filter>Source\Modules\Scenes</Filter>
    </ClInclude>
    <ClInclude Include="ModuleLady.h">
      <Filter>Source\Modules\Characters</Filter>
    </ClInclude>
    <ClInclude Include="Enemies.h">
      <Filter>Source\Entities\Enemies</Filter>
    </ClInclude>
    <ClInclude Include="EnemyFireballs.h">
      <Filter>Source\Entities\Enemies</Filter>
    </ClInclude>
    <ClInclude Include="ModuleFonts.h">
      <Filter>Source\Modules</Filter>
    </ClInclude>
    <ClInclude Include="ModuleCarrots.h">
      <Filter>Source\Modules</Filter>
    </ClInclude>
    <ClInclude Include="GameOver.h">
      <Filter>Source\Modules\Scenes</Filter>
    </ClInclude>
    <ClInclude Include="PierdeVida.h">
      <Filter>Source\Modules\Scenes</Filter>
    </ClInclude>
    <ClInclude Include="WinningScreen.h">
      <Filter>Source\Modules\Scenes</Filter>
    </ClInclude>
  </ItemGroup>
  <ItemGroup>
    <Filter Include="Source">
      <UniqueIdentifier>{d8e54e85-0c67-466f-9565-08fbfd061f87}</UniqueIdentifier>
    </Filter>
    <Filter Include="Source\Utils">
      <UniqueIdentifier>{82dc13e4-e524-4640-a716-5de67aaf4382}</UniqueIdentifier>
    </Filter>
    <Filter Include="Source\Application">
      <UniqueIdentifier>{5893ad81-5583-43b6-ab25-1b1fe12fa76a}</UniqueIdentifier>
    </Filter>
    <Filter Include="Source\Modules">
      <UniqueIdentifier>{3c4e6c98-8f3a-4b0b-ac9c-19aa1377ddc7}</UniqueIdentifier>
    </Filter>
    <Filter Include="Source\Modules\Characters">
      <UniqueIdentifier>{23ed9a41-a01e-4167-bda4-6be7be1da677}</UniqueIdentifier>
    </Filter>
    <Filter Include="Source\Modules\Scenes">
      <UniqueIdentifier>{2755aa0d-95d7-4466-b1a0-9397bba602aa}</UniqueIdentifier>
    </Filter>
    <Filter Include="Source\Entities">
      <UniqueIdentifier>{f2255416-6823-4f4d-a1e7-38cbd8bdcb47}</UniqueIdentifier>
    </Filter>
    <Filter Include="Source\Entities\Enemies">
      <UniqueIdentifier>{80a4e118-ec13-4b60-a248-1fc089f8ac4a}</UniqueIdentifier>
    </Filter>
  </ItemGroup>
</Project>